
Microsoft Visual Studio Solution File, Format Version 12.00
# Visual Studio 15
VisualStudioVersion = 15.0.27703.2042
MinimumVisualStudioVersion = 10.0.40219.1
Project("{9A19103F-16F7-4668-BE54-9A1E7A4F7556}") = "WebHooks.Web", "WebHooks.Web\WebHooks.Web.csproj", "{87EB31B5-A40C-47DC-942A-BC28EB290933}"
EndProject
Project("{9A19103F-16F7-4668-BE54-9A1E7A4F7556}") = "WebHooks.Job", "WebHooks.Job\WebHooks.Job.csproj", "{E11E725B-909C-4857-8666-AC569A35E91D}"
EndProject
Project("{9A19103F-16F7-4668-BE54-9A1E7A4F7556}") = "WebHooks.SharePoint", "WebHooks.SharePoint\WebHooks.SharePoint.csproj", "{8BDB4A52-9BDB-44C4-AA3C-DE6ABBB3F7B3}"
EndProject
Project("{9A19103F-16F7-4668-BE54-9A1E7A4F7556}") = "WebHooks.Data", "WebHooks.Data\WebHooks.Data.csproj", "{1066E397-BD45-4904-95C6-790E5A5DC9CE}"
EndProject
Global
	GlobalSection(SolutionConfigurationPlatforms) = preSolution
		Debug|Any CPU = Debug|Any CPU
		Release|Any CPU = Release|Any CPU
	EndGlobalSection
	GlobalSection(ProjectConfigurationPlatforms) = postSolution
		{87EB31B5-A40C-47DC-942A-BC28EB290933}.Debug|Any CPU.ActiveCfg = Debug|Any CPU
		{87EB31B5-A40C-47DC-942A-BC28EB290933}.Debug|Any CPU.Build.0 = Debug|Any CPU
		{87EB31B5-A40C-47DC-942A-BC28EB290933}.Release|Any CPU.ActiveCfg = Release|Any CPU
		{87EB31B5-A40C-47DC-942A-BC28EB290933}.Release|Any CPU.Build.0 = Release|Any CPU
		{E11E725B-909C-4857-8666-AC569A35E91D}.Debug|Any CPU.ActiveCfg = Debug|Any CPU
		{E11E725B-909C-4857-8666-AC569A35E91D}.Debug|Any CPU.Build.0 = Debug|Any CPU
		{E11E725B-909C-4857-8666-AC569A35E91D}.Release|Any CPU.ActiveCfg = Release|Any CPU
		{E11E725B-909C-4857-8666-AC569A35E91D}.Release|Any CPU.Build.0 = Release|Any CPU
		{8BDB4A52-9BDB-44C4-AA3C-DE6ABBB3F7B3}.Debug|Any CPU.ActiveCfg = Debug|Any CPU
		{8BDB4A52-9BDB-44C4-AA3C-DE6ABBB3F7B3}.Debug|Any CPU.Build.0 = Debug|Any CPU
		{8BDB4A52-9BDB-44C4-AA3C-DE6ABBB3F7B3}.Release|Any CPU.ActiveCfg = Release|Any CPU
		{8BDB4A52-9BDB-44C4-AA3C-DE6ABBB3F7B3}.Release|Any CPU.Build.0 = Release|Any CPU
		{1066E397-BD45-4904-95C6-790E5A5DC9CE}.Debug|Any CPU.ActiveCfg = Debug|Any CPU
		{1066E397-BD45-4904-95C6-790E5A5DC9CE}.Debug|Any CPU.Build.0 = Debug|Any CPU
		{1066E397-BD45-4904-95C6-790E5A5DC9CE}.Release|Any CPU.ActiveCfg = Release|Any CPU
		{1066E397-BD45-4904-95C6-790E5A5DC9CE}.Release|Any CPU.Build.0 = Release|Any CPU
	EndGlobalSection
	GlobalSection(SolutionProperties) = preSolution
		HideSolutionNode = FALSE
	EndGlobalSection
	GlobalSection(ExtensibilityGlobals) = postSolution
		SolutionGuid = {7349AEEC-C1B3-4F62-A88F-AEFFB3FE0E6E}
	EndGlobalSection
EndGlobal
