
Microsoft Visual Studio Solution File, Format Version 12.00
# Visual Studio 15
VisualStudioVersion = 15.0.27703.2042
MinimumVisualStudioVersion = 10.0.40219.1
Project("{9A19103F-16F7-4668-BE54-9A1E7A4F7556}") = "WebHooks.Web", "WebHooks.Web\WebHooks.Web.csproj", "{87EB31B5-A40C-47DC-942A-BC28EB290933}"
EndProject
Project("{FAE04EC0-301F-11D3-BF4B-00C04F79EFBC}") = "WebHooks.SharePoint", "WebHooks.SharePoint\WebHooks.SharePoint.csproj", "{D4AD1482-2DC1-4F2B-9793-2B7191BCF10C}"
EndProject
Project("{FAE04EC0-301F-11D3-BF4B-00C04F79EFBC}") = "WebHooks.Data", "WebHooks.Data\WebHooks.Data.csproj", "{8B054687-F3EB-4824-A3B4-4A7FF953592F}"
EndProject
Project("{FAE04EC0-301F-11D3-BF4B-00C04F79EFBC}") = "WebHooks.Job", "WebHooks.Job\WebHooks.Job.csproj", "{D22C59FE-C9CB-436C-A23D-59E38E5BAFE5}"
EndProject
Global
	GlobalSection(SolutionConfigurationPlatforms) = preSolution
		Debug|Any CPU = Debug|Any CPU
		Release|Any CPU = Release|Any CPU
	EndGlobalSection
	GlobalSection(ProjectConfigurationPlatforms) = postSolution
		{87EB31B5-A40C-47DC-942A-BC28EB290933}.Debug|Any CPU.ActiveCfg = Debug|Any CPU
		{87EB31B5-A40C-47DC-942A-BC28EB290933}.Debug|Any CPU.Build.0 = Debug|Any CPU
		{87EB31B5-A40C-47DC-942A-BC28EB290933}.Release|Any CPU.ActiveCfg = Release|Any CPU
		{87EB31B5-A40C-47DC-942A-BC28EB290933}.Release|Any CPU.Build.0 = Release|Any CPU
		{D4AD1482-2DC1-4F2B-9793-2B7191BCF10C}.Debug|Any CPU.ActiveCfg = Debug|Any CPU
		{D4AD1482-2DC1-4F2B-9793-2B7191BCF10C}.Debug|Any CPU.Build.0 = Debug|Any CPU
		{D4AD1482-2DC1-4F2B-9793-2B7191BCF10C}.Release|Any CPU.ActiveCfg = Release|Any CPU
		{D4AD1482-2DC1-4F2B-9793-2B7191BCF10C}.Release|Any CPU.Build.0 = Release|Any CPU
		{8B054687-F3EB-4824-A3B4-4A7FF953592F}.Debug|Any CPU.ActiveCfg = Debug|Any CPU
		{8B054687-F3EB-4824-A3B4-4A7FF953592F}.Debug|Any CPU.Build.0 = Debug|Any CPU
		{8B054687-F3EB-4824-A3B4-4A7FF953592F}.Release|Any CPU.ActiveCfg = Release|Any CPU
		{8B054687-F3EB-4824-A3B4-4A7FF953592F}.Release|Any CPU.Build.0 = Release|Any CPU
		{D22C59FE-C9CB-436C-A23D-59E38E5BAFE5}.Debug|Any CPU.ActiveCfg = Debug|Any CPU
		{D22C59FE-C9CB-436C-A23D-59E38E5BAFE5}.Debug|Any CPU.Build.0 = Debug|Any CPU
		{D22C59FE-C9CB-436C-A23D-59E38E5BAFE5}.Release|Any CPU.ActiveCfg = Release|Any CPU
		{D22C59FE-C9CB-436C-A23D-59E38E5BAFE5}.Release|Any CPU.Build.0 = Release|Any CPU
	EndGlobalSection
	GlobalSection(SolutionProperties) = preSolution
		HideSolutionNode = FALSE
	EndGlobalSection
	GlobalSection(ExtensibilityGlobals) = postSolution
		SolutionGuid = {7349AEEC-C1B3-4F62-A88F-AEFFB3FE0E6E}
	EndGlobalSection
EndGlobal
